
Microsoft Visual Studio Solution File, Format Version 12.00
# Visual Studio Version 16
VisualStudioVersion = 16.0.29709.97
MinimumVisualStudioVersion = 10.0.40219.1
Project("{FAE04EC0-301F-11D3-BF4B-00C04F79EFBC}") = "AZ204WebApp", "AZ204WebApp.csproj", "{68859CBC-2E2F-464E-8AB6-43CFC5611651}"
EndProject
Global
	GlobalSection(SolutionConfigurationPlatforms) = preSolution
		Debug|Any CPU = Debug|Any CPU
		Release|Any CPU = Release|Any CPU
	EndGlobalSection
	GlobalSection(ProjectConfigurationPlatforms) = postSolution
		{68859CBC-2E2F-464E-8AB6-43CFC5611651}.Debug|Any CPU.ActiveCfg = Debug|Any CPU
		{68859CBC-2E2F-464E-8AB6-43CFC5611651}.Debug|Any CPU.Build.0 = Debug|Any CPU
		{68859CBC-2E2F-464E-8AB6-43CFC5611651}.Release|Any CPU.ActiveCfg = Release|Any CPU
		{68859CBC-2E2F-464E-8AB6-43CFC5611651}.Release|Any CPU.Build.0 = Release|Any CPU
	EndGlobalSection
	GlobalSection(SolutionProperties) = preSolution
		HideSolutionNode = FALSE
	EndGlobalSection
	GlobalSection(ExtensibilityGlobals) = postSolution
		SolutionGuid = {C1718D78-594E-4B30-B973-382785985422}
	EndGlobalSection
EndGlobal
